Microsoft Visual Studio Solution File, Format Version 12.00
# Visual Studio Version 17
VisualStudioVersion = 17.5.2.0
MinimumVisualStudioVersion = 10.0.40219.1
Project("{FAE04EC0-301F-11D3-BF4B-00C04F79EFBC}") = "try_c#", "try_c#\try_c#.csproj", "{F90E2D09-2405-D089-8E37-6F7BC20EAB2D}"
EndProject
Global
	GlobalSection(SolutionConfigurationPlatforms) = preSolution
		Debug|Any CPU = Debug|Any CPU
		Release|Any CPU = Release|Any CPU
	EndGlobalSection
	GlobalSection(ProjectConfigurationPlatforms) = postSolution
		{F90E2D09-2405-D089-8E37-6F7BC20EAB2D}.Debug|Any CPU.ActiveCfg = Debug|Any CPU
		{F90E2D09-2405-D089-8E37-6F7BC20EAB2D}.Debug|Any CPU.Build.0 = Debug|Any CPU
		{F90E2D09-2405-D089-8E37-6F7BC20EAB2D}.Release|Any CPU.ActiveCfg = Release|Any CPU
		{F90E2D09-2405-D089-8E37-6F7BC20EAB2D}.Release|Any CPU.Build.0 = Release|Any CPU
	EndGlobalSection
	GlobalSection(SolutionProperties) = preSolution
		HideSolutionNode = FALSE
	EndGlobalSection
	GlobalSection(ExtensibilityGlobals) = postSolution
		SolutionGuid = {E9E01C4D-CD45-4D92-B600-5E00E6AABAE4}
	EndGlobalSection
EndGlobal
